
Microsoft Visual Studio Solution File, Format Version 12.00
# Visual Studio Version 17
VisualStudioVersion = 17.11.35222.181
MinimumVisualStudioVersion = 10.0.40219.1
Project("{FAE04EC0-301F-11D3-BF4B-00C04F79EFBC}") = "SpeedReaderTRY", "SpeedReaderTRY\SpeedReaderTRY.csproj", "{9283F17B-1F95-452B-9B7B-37F3588DC5BE}"
EndProject
Global
	GlobalSection(SolutionConfigurationPlatforms) = preSolution
		Debug|Any CPU = Debug|Any CPU
		Release|Any CPU = Release|Any CPU
	EndGlobalSection
	GlobalSection(ProjectConfigurationPlatforms) = postSolution
		{9283F17B-1F95-452B-9B7B-37F3588DC5BE}.Debug|Any CPU.ActiveCfg = Debug|Any CPU
		{9283F17B-1F95-452B-9B7B-37F3588DC5BE}.Debug|Any CPU.Build.0 = Debug|Any CPU
		{9283F17B-1F95-452B-9B7B-37F3588DC5BE}.Release|Any CPU.ActiveCfg = Release|Any CPU
		{9283F17B-1F95-452B-9B7B-37F3588DC5BE}.Release|Any CPU.Build.0 = Release|Any CPU
	EndGlobalSection
	GlobalSection(SolutionProperties) = preSolution
		HideSolutionNode = FALSE
	EndGlobalSection
	GlobalSection(ExtensibilityGlobals) = postSolution
		SolutionGuid = {26365721-D4AD-4E41-98AF-1910F67BF055}
	EndGlobalSection
EndGlobal
